
Microsoft Visual Studio Solution File, Format Version 12.00
# Visual Studio Version 16
VisualStudioVersion = 25.0.1704.2
MinimumVisualStudioVersion = 10.0.40219.1
Project("{FAE04EC0-301F-11D3-BF4B-00C04F79EFBC}") = "BSAT", "BSAT\BSAT.csproj", "{3B995D7B-51CF-43BB-9C1F-F243744E9A04}"
EndProject
Global
	GlobalSection(SolutionConfigurationPlatforms) = preSolution
		Debug|Any CPU = Debug|Any CPU
		Release|Any CPU = Release|Any CPU
	EndGlobalSection
	GlobalSection(ProjectConfigurationPlatforms) = postSolution
		{3B995D7B-51CF-43BB-9C1F-F243744E9A04}.Debug|Any CPU.ActiveCfg = Debug|Any CPU
		{3B995D7B-51CF-43BB-9C1F-F243744E9A04}.Debug|Any CPU.Build.0 = Debug|Any CPU
		{3B995D7B-51CF-43BB-9C1F-F243744E9A04}.Release|Any CPU.ActiveCfg = Release|Any CPU
		{3B995D7B-51CF-43BB-9C1F-F243744E9A04}.Release|Any CPU.Build.0 = Release|Any CPU
	EndGlobalSection
	GlobalSection(SolutionProperties) = preSolution
		HideSolutionNode = FALSE
	EndGlobalSection
	GlobalSection(ExtensibilityGlobals) = postSolution
		SolutionGuid = {AFDD1146-A888-4801-A7DC-75305E0CAF2A}
	EndGlobalSection
EndGlobal
